// !$*UTF8*$!
{
	archiveVersion = 1;
	classes = {
	};
	objectVersion = 46;
	objects = {

/* Begin PBXBuildFile section */
		5B516813389B5FB066CA48E3 /* Pods_PrumtMe.framework in Frameworks */ = {isa = PBXBuildFile; fileRef = 6EE4D477E1059D88DDCE26FB /* Pods_PrumtMe.framework */; };
		9A494A571E658EFB00CFFB44 /* CameraViewController.swift in Sources */ = {isa = PBXBuildFile; fileRef = 9A494A561E658EFB00CFFB44 /* CameraViewController.swift */; };
		9A494A591E658FBD00CFFB44 /* AdViewController.swift in Sources */ = {isa = PBXBuildFile; fileRef = 9A494A581E658FBD00CFFB44 /* AdViewController.swift */; };
		9A494A621E65BF2900CFFB44 /* ios_image_load.mm in Sources */ = {isa = PBXBuildFile; fileRef = 9A494A5E1E65BF2900CFFB44 /* ios_image_load.mm */; settings = {COMPILER_FLAGS = "-fno-objc-arc"; }; };
		9A494A631E65BF2900CFFB44 /* tensorflow_utils.mm in Sources */ = {isa = PBXBuildFile; fileRef = 9A494A601E65BF2900CFFB44 /* tensorflow_utils.mm */; settings = {COMPILER_FLAGS = "-fno-objc-arc"; }; };
		9A494A651E65C03D00CFFB44 /* libtensorflow-core.a in Frameworks */ = {isa = PBXBuildFile; fileRef = 9A494A641E65C03D00CFFB44 /* libtensorflow-core.a */; };
		9A494A681E65C06C00CFFB44 /* libprotobuf-lite.a in Frameworks */ = {isa = PBXBuildFile; fileRef = 9A494A661E65C06C00CFFB44 /* libprotobuf-lite.a */; };
		9A494A691E65C06C00CFFB44 /* libprotobuf.a in Frameworks */ = {isa = PBXBuildFile; fileRef = 9A494A671E65C06C00CFFB44 /* libprotobuf.a */; };
		9A494A6B1E65C4BC00CFFB44 /* Accelerate.framework in Frameworks */ = {isa = PBXBuildFile; fileRef = 9A494A6A1E65C4BC00CFFB44 /* Accelerate.framework */; };
		9A4DD87B1E6ACB180074A604 /* mmapped_graph.pb in Resources */ = {isa = PBXBuildFile; fileRef = 9A4DD8791E6ACB180074A604 /* mmapped_graph.pb */; };
		9A4DD87C1E6ACB180074A604 /* output_labels.txt in Resources */ = {isa = PBXBuildFile; fileRef = 9A4DD87A1E6ACB180074A604 /* output_labels.txt */; };
		9A9C660C1E66F584004D6E09 /* TensorFlowManager.mm in Sources */ = {isa = PBXBuildFile; fileRef = 9A9C660B1E66F584004D6E09 /* TensorFlowManager.mm */; };
		9ABA92021E5596D5001A515A /* AppDelegate.swift in Sources */ = {isa = PBXBuildFile; fileRef = 9ABA92011E5596D5001A515A /* AppDelegate.swift */; };
		9ABA92071E5596D5001A515A /* Main.storyboard in Resources */ = {isa = PBXBuildFile; fileRef = 9ABA92051E5596D5001A515A /* Main.storyboard */; };
		9ABA92091E5596D5001A515A /* Assets.xcassets in Resources */ = {isa = PBXBuildFile; fileRef = 9ABA92081E5596D5001A515A /* Assets.xcassets */; };
		9ABA920C1E5596D5001A515A /* LaunchScreen.storyboard in Resources */ = {isa = PBXBuildFile; fileRef = 9ABA920A1E5596D5001A515A /* LaunchScreen.storyboard */; };
		9ACC654B1E67141A00D477E7 /* IntroViewController.swift in Sources */ = {isa = PBXBuildFile; fileRef = 9ACC654A1E67141A00D477E7 /* IntroViewController.swift */; };
		9ACC654E1E68ECE500D477E7 /* InfoViewController.swift in Sources */ = {isa = PBXBuildFile; fileRef = 9ACC654D1E68ECE500D477E7 /* InfoViewController.swift */; };
/* End PBXBuildFile section */

/* Begin PBXFileReference section */
		56410DAE762A052A49C6E841 /* Pods-PrumtMe.release.xcconfig */ = {isa = PBXFileReference; includeInIndex = 1; lastKnownFileType = text.xcconfig; name = "Pods-PrumtMe.release.xcconfig"; path = "Pods/Target Support Files/Pods-PrumtMe/Pods-PrumtMe.release.xcconfig"; sourceTree = "<group>"; };
		6EE4D477E1059D88DDCE26FB /* Pods_PrumtMe.framework */ = {isa = PBXFileReference; explicitFileType = wrapper.framework; includeInIndex = 0; path = Pods_PrumtMe.framework; sourceTree = BUILT_PRODUCTS_DIR; };
		9A494A561E658EFB00CFFB44 /* CameraViewController.swift */ = {isa = PBXFileReference; fileEncoding = 4; lastKnownFileType = sourcecode.swift; name = CameraViewController.swift; path = ViewControllers/CameraViewController.swift; sourceTree = "<group>"; };
		9A494A581E658FBD00CFFB44 /* AdViewController.swift */ = {isa = PBXFileReference; fileEncoding = 4; lastKnownFileType = sourcecode.swift; name = AdViewController.swift; path = ViewControllers/AdViewController.swift; sourceTree = "<group>"; };
		9A494A5D1E65BF2900CFFB44 /* ios_image_load.h */ = {isa = PBXFileReference; fileEncoding = 4; lastKnownFileType = sourcecode.c.h; path = ios_image_load.h; sourceTree = "<group>"; };
		9A494A5E1E65BF2900CFFB44 /* ios_image_load.mm */ = {isa = PBXFileReference; fileEncoding = 4; lastKnownFileType = sourcecode.cpp.objcpp; path = ios_image_load.mm; sourceTree = "<group>"; };
		9A494A5F1E65BF2900CFFB44 /* tensorflow_utils.h */ = {isa = PBXFileReference; fileEncoding = 4; lastKnownFileType = sourcecode.c.h; path = tensorflow_utils.h; sourceTree = "<group>"; };
		9A494A601E65BF2900CFFB44 /* tensorflow_utils.mm */ = {isa = PBXFileReference; fileEncoding = 4; lastKnownFileType = sourcecode.cpp.objcpp; path = tensorflow_utils.mm; sourceTree = "<group>"; };
		9A494A641E65C03D00CFFB44 /* libtensorflow-core.a */ = {isa = PBXFileReference; lastKnownFileType = archive.ar; name = "libtensorflow-core.a"; path = "../../tensorflow/tensorflow/contrib/makefile/gen/lib/libtensorflow-core.a"; sourceTree = "<group>"; };
		9A494A661E65C06C00CFFB44 /* libprotobuf-lite.a */ = {isa = PBXFileReference; lastKnownFileType = archive.ar; name = "libprotobuf-lite.a"; path = "../../tensorflow/tensorflow/contrib/makefile/gen/protobuf_ios/lib/libprotobuf-lite.a"; sourceTree = "<group>"; };
		9A494A671E65C06C00CFFB44 /* libprotobuf.a */ = {isa = PBXFileReference; lastKnownFileType = archive.ar; name = libprotobuf.a; path = ../../tensorflow/tensorflow/contrib/makefile/gen/protobuf_ios/lib/libprotobuf.a; sourceTree = "<group>"; };
		9A494A6A1E65C4BC00CFFB44 /* Accelerate.framework */ = {isa = PBXFileReference; lastKnownFileType = wrapper.framework; name = Accelerate.framework; path = System/Library/Frameworks/Accelerate.framework; sourceTree = SDKROOT; };
		9A4DD8791E6ACB180074A604 /* mmapped_graph.pb */ = {isa = PBXFileReference; lastKnownFileType = file; path = mmapped_graph.pb; sourceTree = "<group>"; };
		9A4DD87A1E6ACB180074A604 /* output_labels.txt */ = {isa = PBXFileReference; fileEncoding = 4; lastKnownFileType = text; path = output_labels.txt; sourceTree = "<group>"; };
		9A9C660A1E66F584004D6E09 /* TensorFlowManager.h */ = {isa = PBXFileReference; fileEncoding = 4; lastKnownFileType = sourcecode.c.h; path = TensorFlowManager.h; sourceTree = "<group>"; };
		9A9C660B1E66F584004D6E09 /* TensorFlowManager.mm */ = {isa = PBXFileReference; fileEncoding = 4; lastKnownFileType = sourcecode.cpp.objcpp; path = TensorFlowManager.mm; sourceTree = "<group>"; };
		9ABA91FE1E5596D5001A515A /* PrumtMe.app */ = {isa = PBXFileReference; explicitFileType = wrapper.application; includeInIndex = 0; path = PrumtMe.app; sourceTree = BUILT_PRODUCTS_DIR; };
		9ABA92011E5596D5001A515A /* AppDelegate.swift */ = {isa = PBXFileReference; lastKnownFileType = sourcecode.swift; path = AppDelegate.swift; sourceTree = "<group>"; };
		9ABA92061E5596D5001A515A /* Base */ = {isa = PBXFileReference; lastKnownFileType = file.storyboard; name = Base; path = Base.lproj/Main.storyboard; sourceTree = "<group>"; };
		9ABA92081E5596D5001A515A /* Assets.xcassets */ = {isa = PBXFileReference; lastKnownFileType = folder.assetcatalog; path = Assets.xcassets; sourceTree = "<group>"; };
		9ABA920B1E5596D5001A515A /* Base */ = {isa = PBXFileReference; lastKnownFileType = file.storyboard; name = Base; path = Base.lproj/LaunchScreen.storyboard; sourceTree = "<group>"; };
		9ABA920D1E5596D5001A515A /* Info.plist */ = {isa = PBXFileReference; lastKnownFileType = text.plist.xml; path = Info.plist; sourceTree = "<group>"; };
		9ACC654A1E67141A00D477E7 /* IntroViewController.swift */ = {isa = PBXFileReference; fileEncoding = 4; lastKnownFileType = sourcecode.swift; name = IntroViewController.swift; path = ViewControllers/IntroViewController.swift; sourceTree = "<group>"; };
		9ACC654C1E6718FE00D477E7 /* PrumtMeBridginig_Header.h */ = {isa = PBXFileReference; lastKnownFileType = sourcecode.c.h; path = PrumtMeBridginig_Header.h; sourceTree = "<group>"; };
		9ACC654D1E68ECE500D477E7 /* InfoViewController.swift */ = {isa = PBXFileReference; fileEncoding = 4; lastKnownFileType = sourcecode.swift; name = InfoViewController.swift; path = ViewControllers/InfoViewController.swift; sourceTree = "<group>"; };
		A5F47BBF417DB5B4FEFB7952 /* Pods-PrumtMe.debug.xcconfig */ = {isa = PBXFileReference; includeInIndex = 1; lastKnownFileType = text.xcconfig; name = "Pods-PrumtMe.debug.xcconfig"; path = "Pods/Target Support Files/Pods-PrumtMe/Pods-PrumtMe.debug.xcconfig"; sourceTree = "<group>"; };
/* End PBXFileReference section */

/* Begin PBXFrameworksBuildPhase section */
		9ABA91FB1E5596D5001A515A /* Frameworks */ = {
			isa = PBXFrameworksBuildPhase;
			buildActionMask = 2147483647;
			files = (
				9A494A6B1E65C4BC00CFFB44 /* Accelerate.framework in Frameworks */,
				9A494A691E65C06C00CFFB44 /* libprotobuf.a in Frameworks */,
				5B516813389B5FB066CA48E3 /* Pods_PrumtMe.framework in Frameworks */,
				9A494A651E65C03D00CFFB44 /* libtensorflow-core.a in Frameworks */,
				9A494A681E65C06C00CFFB44 /* libprotobuf-lite.a in Frameworks */,
			);
			runOnlyForDeploymentPostprocessing = 0;
		};
/* End PBXFrameworksBuildPhase section */

/* Begin PBXGroup section */
		5308D795D59B2801A6BB8B14 /* Frameworks */ = {
			isa = PBXGroup;
			children = (
				9A494A6A1E65C4BC00CFFB44 /* Accelerate.framework */,
				6EE4D477E1059D88DDCE26FB /* Pods_PrumtMe.framework */,
			);
			name = Frameworks;
			sourceTree = "<group>";
		};
		5D720F5820D94A1A6E3DFF84 /* Pods */ = {
			isa = PBXGroup;
			children = (
				A5F47BBF417DB5B4FEFB7952 /* Pods-PrumtMe.debug.xcconfig */,
				56410DAE762A052A49C6E841 /* Pods-PrumtMe.release.xcconfig */,
			);
			name = Pods;
			sourceTree = "<group>";
		};
		9A494A511E658AA900CFFB44 /* ViewControllers */ = {
			isa = PBXGroup;
			children = (
				9A494A561E658EFB00CFFB44 /* CameraViewController.swift */,
				9A494A581E658FBD00CFFB44 /* AdViewController.swift */,
				9ACC654A1E67141A00D477E7 /* IntroViewController.swift */,
				9ACC654D1E68ECE500D477E7 /* InfoViewController.swift */,
			);
			name = ViewControllers;
			sourceTree = "<group>";
		};
		9A494A5A1E65BF2900CFFB44 /* Tensorflow */ = {
			isa = PBXGroup;
			children = (
				9A494A5D1E65BF2900CFFB44 /* ios_image_load.h */,
				9A494A5E1E65BF2900CFFB44 /* ios_image_load.mm */,
				9A494A5F1E65BF2900CFFB44 /* tensorflow_utils.h */,
				9A494A601E65BF2900CFFB44 /* tensorflow_utils.mm */,
				9A9C660A1E66F584004D6E09 /* TensorFlowManager.h */,
				9A9C660B1E66F584004D6E09 /* TensorFlowManager.mm */,
			);
			path = Tensorflow;
			sourceTree = "<group>";
		};
		9A4DD8781E6ACB180074A604 /* Model */ = {
			isa = PBXGroup;
			children = (
				9A4DD8791E6ACB180074A604 /* mmapped_graph.pb */,
				9A4DD87A1E6ACB180074A604 /* output_labels.txt */,
			);
			name = Model;
			path = ../../Model;
			sourceTree = "<group>";
		};
		9ABA91F51E5596D5001A515A = {
			isa = PBXGroup;
			children = (
				9A494A661E65C06C00CFFB44 /* libprotobuf-lite.a */,
				9A494A671E65C06C00CFFB44 /* libprotobuf.a */,
				9A494A641E65C03D00CFFB44 /* libtensorflow-core.a */,
				9ABA92001E5596D5001A515A /* PrumtMe */,
				9ABA91FF1E5596D5001A515A /* Products */,
				5D720F5820D94A1A6E3DFF84 /* Pods */,
				5308D795D59B2801A6BB8B14 /* Frameworks */,
			);
			sourceTree = "<group>";
		};
		9ABA91FF1E5596D5001A515A /* Products */ = {
			isa = PBXGroup;
			children = (
				9ABA91FE1E5596D5001A515A /* PrumtMe.app */,
			);
			name = Products;
			sourceTree = "<group>";
		};
		9ABA92001E5596D5001A515A /* PrumtMe */ = {
			isa = PBXGroup;
			children = (
				9A4DD8781E6ACB180074A604 /* Model */,
				9A494A5A1E65BF2900CFFB44 /* Tensorflow */,
				9A494A511E658AA900CFFB44 /* ViewControllers */,
				9ABA92011E5596D5001A515A /* AppDelegate.swift */,
				9ABA92051E5596D5001A515A /* Main.storyboard */,
				9ABA92081E5596D5001A515A /* Assets.xcassets */,
				9ABA920A1E5596D5001A515A /* LaunchScreen.storyboard */,
				9ABA920D1E5596D5001A515A /* Info.plist */,
				9ACC654C1E6718FE00D477E7 /* PrumtMeBridginig_Header.h */,
			);
			path = PrumtMe;
			sourceTree = "<group>";
		};
/* End PBXGroup section */

/* Begin PBXNativeTarget section */
		9ABA91FD1E5596D5001A515A /* PrumtMe */ = {
			isa = PBXNativeTarget;
			buildConfigurationList = 9ABA92101E5596D5001A515A /* Build configuration list for PBXNativeTarget "PrumtMe" */;
			buildPhases = (
				74A96B47A09F69B00954D2FC /* [CP] Check Pods Manifest.lock */,
				9ABA91FA1E5596D5001A515A /* Sources */,
				9ABA91FB1E5596D5001A515A /* Frameworks */,
				9ABA91FC1E5596D5001A515A /* Resources */,
				D24B93AD3DFF1C7B5373513C /* [CP] Embed Pods Frameworks */,
				B0E276974E1D0556967AE347 /* [CP] Copy Pods Resources */,
			);
			buildRules = (
			);
			dependencies = (
			);
			name = PrumtMe;
			productName = PrumtMe;
			productReference = 9ABA91FE1E5596D5001A515A /* PrumtMe.app */;
			productType = "com.apple.product-type.application";
		};
/* End PBXNativeTarget section */

/* Begin PBXProject section */
		9ABA91F61E5596D5001A515A /* Project object */ = {
			isa = PBXProject;
			attributes = {
				LastSwiftUpdateCheck = 0820;
				LastUpgradeCheck = 0820;
				ORGANIZATIONNAME = "fauquette fred";
				TargetAttributes = {
					9ABA91FD1E5596D5001A515A = {
						CreatedOnToolsVersion = 8.2.1;
						DevelopmentTeam = 69B39F3M5G;
						ProvisioningStyle = Automatic;
					};
				};
			};
			buildConfigurationList = 9ABA91F91E5596D5001A515A /* Build configuration list for PBXProject "PrumtMe" */;
			compatibilityVersion = "Xcode 3.2";
			developmentRegion = English;
			hasScannedForEncodings = 0;
			knownRegions = (
				en,
				Base,
			);
			mainGroup = 9ABA91F51E5596D5001A515A;
			productRefGroup = 9ABA91FF1E5596D5001A515A /* Products */;
			projectDirPath = "";
			projectRoot = "";
			targets = (
				9ABA91FD1E5596D5001A515A /* PrumtMe */,
			);
		};
/* End PBXProject section */

/* Begin PBXResourcesBuildPhase section */
		9ABA91FC1E5596D5001A515A /* Resources */ = {
			isa = PBXResourcesBuildPhase;
			buildActionMask = 2147483647;
			files = (
				9ABA920C1E5596D5001A515A /* LaunchScreen.storyboard in Resources */,
				9A4DD87C1E6ACB180074A604 /* output_labels.txt in Resources */,
				9A4DD87B1E6ACB180074A604 /* mmapped_graph.pb in Resources */,
				9ABA92091E5596D5001A515A /* Assets.xcassets in Resources */,
				9ABA92071E5596D5001A515A /* Main.storyboard in Resources */,
			);
			runOnlyForDeploymentPostprocessing = 0;
		};
/* End PBXResourcesBuildPhase section */

/* Begin PBXShellScriptBuildPhase section */
		74A96B47A09F69B00954D2FC /* [CP] Check Pods Manifest.lock */ = {
			isa = PBXShellScriptBuildPhase;
			buildActionMask = 2147483647;
			files = (
			);
			inputPaths = (
			);
			name = "[CP] Check Pods Manifest.lock";
			outputPaths = (
			);
			runOnlyForDeploymentPostprocessing = 0;
			shellPath = /bin/sh;
			shellScript = "diff \"${PODS_ROOT}/../Podfile.lock\" \"${PODS_ROOT}/Manifest.lock\" > /dev/null\nif [ $? != 0 ] ; then\n    # print error to STDERR\n    echo \"error: The sandbox is not in sync with the Podfile.lock. Run 'pod install' or update your CocoaPods installation.\" >&2\n    exit 1\nfi\n";
			showEnvVarsInLog = 0;
		};
		B0E276974E1D0556967AE347 /* [CP] Copy Pods Resources */ = {
			isa = PBXShellScriptBuildPhase;
			buildActionMask = 2147483647;
			files = (
			);
			inputPaths = (
			);
			name = "[CP] Copy Pods Resources";
			outputPaths = (
			);
			runOnlyForDeploymentPostprocessing = 0;
			shellPath = /bin/sh;
			shellScript = "\"${SRCROOT}/Pods/Target Support Files/Pods-PrumtMe/Pods-PrumtMe-resources.sh\"\n";
			showEnvVarsInLog = 0;
		};
		D24B93AD3DFF1C7B5373513C /* [CP] Embed Pods Frameworks */ = {
			isa = PBXShellScriptBuildPhase;
			buildActionMask = 2147483647;
			files = (
			);
			inputPaths = (
			);
			name = "[CP] Embed Pods Frameworks";
			outputPaths = (
			);
			runOnlyForDeploymentPostprocessing = 0;
			shellPath = /bin/sh;
			shellScript = "\"${SRCROOT}/Pods/Target Support Files/Pods-PrumtMe/Pods-PrumtMe-frameworks.sh\"\n";
			showEnvVarsInLog = 0;
		};
/* End PBXShellScriptBuildPhase section */

/* Begin PBXSourcesBuildPhase section */
		9ABA91FA1E5596D5001A515A /* Sources */ = {
			isa = PBXSourcesBuildPhase;
			buildActionMask = 2147483647;
			files = (
				9A494A621E65BF2900CFFB44 /* ios_image_load.mm in Sources */,
				9A494A591E658FBD00CFFB44 /* AdViewController.swift in Sources */,
				9A494A571E658EFB00CFFB44 /* CameraViewController.swift in Sources */,
				9ACC654E1E68ECE500D477E7 /* InfoViewController.swift in Sources */,
				9ACC654B1E67141A00D477E7 /* IntroViewController.swift in Sources */,
				9A9C660C1E66F584004D6E09 /* TensorFlowManager.mm in Sources */,
				9A494A631E65BF2900CFFB44 /* tensorflow_utils.mm in Sources */,
				9ABA92021E5596D5001A515A /* AppDelegate.swift in Sources */,
			);
			runOnlyForDeploymentPostprocessing = 0;
		};
/* End PBXSourcesBuildPhase section */

/* Begin PBXVariantGroup section */
		9ABA92051E5596D5001A515A /* Main.storyboard */ = {
			isa = PBXVariantGroup;
			children = (
				9ABA92061E5596D5001A515A /* Base */,
			);
			name = Main.storyboard;
			sourceTree = "<group>";
		};
		9ABA920A1E5596D5001A515A /* LaunchScreen.storyboard */ = {
			isa = PBXVariantGroup;
			children = (
				9ABA920B1E5596D5001A515A /* Base */,
			);
			name = LaunchScreen.storyboard;
			sourceTree = "<group>";
		};
/* End PBXVariantGroup section */

/* Begin XCBuildConfiguration section */
		9ABA920E1E5596D5001A515A /* Debug */ = {
			isa = XCBuildConfiguration;
			buildSettings = {
				ALWAYS_SEARCH_USER_PATHS = NO;
				CLANG_ANALYZER_NONNULL = YES;
				CLANG_CXX_LANGUAGE_STANDARD = "gnu++0x";
				CLANG_CXX_LIBRARY = "libc++";
				CLANG_ENABLE_MODULES = YES;
				CLANG_ENABLE_OBJC_ARC = YES;
				CLANG_WARN_BOOL_CONVERSION = YES;
				CLANG_WARN_CONSTANT_CONVERSION = YES;
				CLANG_WARN_DIRECT_OBJC_ISA_USAGE = YES_ERROR;
				CLANG_WARN_DOCUMENTATION_COMMENTS = YES;
				CLANG_WARN_EMPTY_BODY = YES;
				CLANG_WARN_ENUM_CONVERSION = YES;
				CLANG_WARN_INFINITE_RECURSION = YES;
				CLANG_WARN_INT_CONVERSION = YES;
				CLANG_WARN_OBJC_ROOT_CLASS = YES_ERROR;
				CLANG_WARN_SUSPICIOUS_MOVE = YES;
				CLANG_WARN_UNREACHABLE_CODE = YES;
				CLANG_WARN__DUPLICATE_METHOD_MATCH = YES;
				"CODE_SIGN_IDENTITY[sdk=iphoneos*]" = "iPhone Developer";
				COPY_PHASE_STRIP = NO;
				DEBUG_INFORMATION_FORMAT = dwarf;
				ENABLE_STRICT_OBJC_MSGSEND = YES;
				ENABLE_TESTABILITY = YES;
				GCC_C_LANGUAGE_STANDARD = gnu99;
				GCC_DYNAMIC_NO_PIC = NO;
				GCC_NO_COMMON_BLOCKS = YES;
				GCC_OPTIMIZATION_LEVEL = 0;
				GCC_PREPROCESSOR_DEFINITIONS = (
					"DEBUG=1",
					"$(inherited)",
				);
				GCC_WARN_64_TO_32_BIT_CONVERSION = YES;
				GCC_WARN_ABOUT_RETURN_TYPE = YES_ERROR;
				GCC_WARN_UNDECLARED_SELECTOR = YES;
				GCC_WARN_UNINITIALIZED_AUTOS = YES_AGGRESSIVE;
				GCC_WARN_UNUSED_FUNCTION = YES;
				GCC_WARN_UNUSED_VARIABLE = YES;
				IPHONEOS_DEPLOYMENT_TARGET = 10.2;
				MTL_ENABLE_DEBUG_INFO = YES;
				ONLY_ACTIVE_ARCH = YES;
				SDKROOT = iphoneos;
				SWIFT_ACTIVE_COMPILATION_CONDITIONS = DEBUG;
				SWIFT_OPTIMIZATION_LEVEL = "-Onone";
			};
			name = Debug;
		};
		9ABA920F1E5596D5001A515A /* Release */ = {
			isa = XCBuildConfiguration;
			buildSettings = {
				ALWAYS_SEARCH_USER_PATHS = NO;
				CLANG_ANALYZER_NONNULL = YES;
				CLANG_CXX_LANGUAGE_STANDARD = "gnu++0x";
				CLANG_CXX_LIBRARY = "libc++";
				CLANG_ENABLE_MODULES = YES;
				CLANG_ENABLE_OBJC_ARC = YES;
				CLANG_WARN_BOOL_CONVERSION = YES;
				CLANG_WARN_CONSTANT_CONVERSION = YES;
				CLANG_WARN_DIRECT_OBJC_ISA_USAGE = YES_ERROR;
				CLANG_WARN_DOCUMENTATION_COMMENTS = YES;
				CLANG_WARN_EMPTY_BODY = YES;
				CLANG_WARN_ENUM_CONVERSION = YES;
				CLANG_WARN_INFINITE_RECURSION = YES;
				CLANG_WARN_INT_CONVERSION = YES;
				CLANG_WARN_OBJC_ROOT_CLASS = YES_ERROR;
				CLANG_WARN_SUSPICIOUS_MOVE = YES;
				CLANG_WARN_UNREACHABLE_CODE = YES;
				CLANG_WARN__DUPLICATE_METHOD_MATCH = YES;
				"CODE_SIGN_IDENTITY[sdk=iphoneos*]" = "iPhone Developer";
				COPY_PHASE_STRIP = NO;
				DEBUG_INFORMATION_FORMAT = "dwarf-with-dsym";
				ENABLE_NS_ASSERTIONS = NO;
				ENABLE_STRICT_OBJC_MSGSEND = YES;
				GCC_C_LANGUAGE_STANDARD = gnu99;
				GCC_NO_COMMON_BLOCKS = YES;
				GCC_WARN_64_TO_32_BIT_CONVERSION = YES;
				GCC_WARN_ABOUT_RETURN_TYPE = YES_ERROR;
				GCC_WARN_UNDECLARED_SELECTOR = YES;
				GCC_WARN_UNINITIALIZED_AUTOS = YES_AGGRESSIVE;
				GCC_WARN_UNUSED_FUNCTION = YES;
				GCC_WARN_UNUSED_VARIABLE = YES;
				IPHONEOS_DEPLOYMENT_TARGET = 10.2;
				MTL_ENABLE_DEBUG_INFO = NO;
				SDKROOT = iphoneos;
				SWIFT_OPTIMIZATION_LEVEL = "-Owholemodule";
				VALIDATE_PRODUCT = YES;
			};
			name = Release;
		};
		9ABA92111E5596D5001A515A /* Debug */ = {
			isa = XCBuildConfiguration;
			baseConfigurationReference = A5F47BBF417DB5B4FEFB7952 /* Pods-PrumtMe.debug.xcconfig */;
			buildSettings = {
				ASSETCATALOG_COMPILER_APPICON_NAME = AppIcon;
				CLANG_CXX_LIBRARY = "compiler-default";
				DEVELOPMENT_TEAM = 69B39F3M5G;
				ENABLE_BITCODE = NO;
				HEADER_SEARCH_PATHS = (
					"$(inherited)",
					"${PODS_ROOT}/Firebase/Core/Sources",
					"$(inherited)",
					"\"${PODS_ROOT}/Headers/Public\"",
					"\"${PODS_ROOT}/Headers/Public/Firebase\"",
					"\"${PODS_ROOT}/Headers/Public/FirebaseAnalytics\"",
					"\"${PODS_ROOT}/Headers/Public/FirebaseCore\"",
					"\"${PODS_ROOT}/Headers/Public/FirebaseInstanceID\"",
					"\"${PODS_ROOT}/Headers/Public/Google-Mobile-Ads-SDK\"",
					"\"${PODS_ROOT}/Headers/Public/GoogleInterchangeUtilities\"",
					"\"${PODS_ROOT}/Headers/Public/GoogleSymbolUtilities\"",
					"$(SRCROOT)/../../tensorflow/tensorflow/contrib/makefile/downloads/eigen",
					"$(SRCROOT)/../../tensorflow/tensorflow/contrib/makefile/downloads/protobuf/src",
					"$(SRCROOT)/../../tensorflow/tensorflow/contrib/makefile/downloads",
					"$(SRCROOT)/../../tensorflow/tensorflow/contrib/makefile/gen/proto",
					"$(SRCROOT)/../../tensorflow",
				);
				INFOPLIST_FILE = PrumtMe/Info.plist;
				IPHONEOS_DEPLOYMENT_TARGET = 10.0;
				LD_RUNPATH_SEARCH_PATHS = "$(inherited) @executable_path/Frameworks";
				LIBRARY_SEARCH_PATHS = (
					/Users/fauquettefred/tensorflow/tensorflow/contrib/makefile/gen/protobuf_ios/lib,
					/Users/fauquettefred/tensorflow/tensorflow/contrib/makefile/gen/lib,
				);
				OTHER_LDFLAGS = (
					"$(inherited)",
					"-ObjC",
					"-l\"c++\"",
					"-l\"sqlite3\"",
					"-l\"z\"",
					"-framework",
					"\"AVFoundation\"",
					"-framework",
					"\"AddressBook\"",
					"-framework",
					"\"AudioToolbox\"",
					"-framework",
					"\"CoreGraphics\"",
					"-framework",
					"\"CoreMedia\"",
					"-framework",
					"\"CoreMotion\"",
					"-framework",
					"\"CoreTelephony\"",
					"-framework",
					"\"CoreVideo\"",
					"-framework",
					"\"FirebaseAnalytics\"",
					"-framework",
					"\"FirebaseCore\"",
					"-framework",
					"\"FirebaseInstanceID\"",
					"-framework",
					"\"GLKit\"",
					"-framework",
					"\"GoogleInterchangeUtilities\"",
					"-framework",
					"\"GoogleMobileAds\"",
					"-framework",
					"\"GoogleSymbolUtilities\"",
					"-framework",
					"\"GoogleToolboxForMac\"",
					"-framework",
					"\"MediaPlayer\"",
					"-framework",
					"\"MessageUI\"",
					"-framework",
					"\"MobileCoreServices\"",
					"-framework",
					"\"OpenGLES\"",
					"-framework",
					"\"StoreKit\"",
					"-framework",
					"\"SystemConfiguration\"",
					"-weak_framework",
					"\"AdSupport\"",
					"-weak_framework",
					"\"JavaScriptCore\"",
					"-weak_framework",
					"\"SafariServices\"",
					"-weak_framework",
					"\"WebKit\"",
					"-force_load",
					"$(SRCROOT)/../../tensorflow/tensorflow/contrib/makefile/gen/lib/libtensorflow-core.a",
				);
				PRODUCT_BUNDLE_IDENTIFIER = me.prumt.PrumtMe;
				PRODUCT_NAME = "$(TARGET_NAME)";
				SWIFT_OBJC_BRIDGING_HEADER = "$(SRCROOT)/PrumtMe/PrumtMeBridginig_Header.h";
				SWIFT_VERSION = 3.0;
			};
			name = Debug;
		};
		9ABA92121E5596D5001A515A /* Release */ = {
			isa = XCBuildConfiguration;
			baseConfigurationReference = 56410DAE762A052A49C6E841 /* Pods-PrumtMe.release.xcconfig */;
			buildSettings = {
				ASSETCATALOG_COMPILER_APPICON_NAME = AppIcon;
				CLANG_CXX_LIBRARY = "compiler-default";
				DEVELOPMENT_TEAM = 69B39F3M5G;
				ENABLE_BITCODE = NO;
				HEADER_SEARCH_PATHS = (
					"$(inherited)",
					"${PODS_ROOT}/Firebase/Core/Sources",
					"$(inherited)",
					"\"${PODS_ROOT}/Headers/Public\"",
					"\"${PODS_ROOT}/Headers/Public/Firebase\"",
					"\"${PODS_ROOT}/Headers/Public/FirebaseAnalytics\"",
					"\"${PODS_ROOT}/Headers/Public/FirebaseCore\"",
					"\"${PODS_ROOT}/Headers/Public/FirebaseInstanceID\"",
					"\"${PODS_ROOT}/Headers/Public/Google-Mobile-Ads-SDK\"",
					"\"${PODS_ROOT}/Headers/Public/GoogleInterchangeUtilities\"",
					"\"${PODS_ROOT}/Headers/Public/GoogleSymbolUtilities\"",
					"$(SRCROOT)/../../tensorflow/tensorflow/contrib/makefile/downloads/eigen",
					"$(SRCROOT)/../../tensorflow/tensorflow/contrib/makefile/downloads/protobuf/src",
					"$(SRCROOT)/../../tensorflow/tensorflow/contrib/makefile/downloads",
					"$(SRCROOT)/../../tensorflow/tensorflow/contrib/makefile/gen/proto",
					"$(SRCROOT)/../../tensorflow",
				);
				INFOPLIST_FILE = PrumtMe/Info.plist;
				IPHONEOS_DEPLOYMENT_TARGET = 10.0;
				LD_RUNPATH_SEARCH_PATHS = "$(inherited) @executable_path/Frameworks";
				LIBRARY_SEARCH_PATHS = (
					/Users/fauquettefred/tensorflow/tensorflow/contrib/makefile/gen/protobuf_ios/lib,
					/Users/fauquettefred/tensorflow/tensorflow/contrib/makefile/gen/lib,
				);
				OTHER_LDFLAGS = (
					"$(inherited)",
					"-ObjC",
					"-l\"c++\"",
					"-l\"sqlite3\"",
					"-l\"z\"",
					"-framework",
					"\"AVFoundation\"",
					"-framework",
					"\"AddressBook\"",
					"-framework",
					"\"AudioToolbox\"",
					"-framework",
					"\"CoreGraphics\"",
					"-framework",
					"\"CoreMedia\"",
					"-framework",
					"\"CoreMotion\"",
					"-framework",
					"\"CoreTelephony\"",
					"-framework",
					"\"CoreVideo\"",
					"-framework",
					"\"FirebaseAnalytics\"",
					"-framework",
					"\"FirebaseCore\"",
					"-framework",
					"\"FirebaseInstanceID\"",
					"-framework",
					"\"GLKit\"",
					"-framework",
					"\"GoogleInterchangeUtilities\"",
					"-framework",
					"\"GoogleMobileAds\"",
					"-framework",
					"\"GoogleSymbolUtilities\"",
					"-framework",
					"\"GoogleToolboxForMac\"",
					"-framework",
					"\"MediaPlayer\"",
					"-framework",
					"\"MessageUI\"",
					"-framework",
					"\"MobileCoreServices\"",
					"-framework",
					"\"OpenGLES\"",
					"-framework",
					"\"StoreKit\"",
					"-framework",
					"\"SystemConfiguration\"",
					"-weak_framework",
					"\"AdSupport\"",
					"-weak_framework",
					"\"JavaScriptCore\"",
					"-weak_framework",
					"\"SafariServices\"",
					"-weak_framework",
					"\"WebKit\"",
					"-force_load",
					"$(SRCROOT)/../../tensorflow/tensorflow/contrib/makefile/gen/lib/libtensorflow-core.a",
				);
				PRODUCT_BUNDLE_IDENTIFIER = me.prumt.PrumtMe;
				PRODUCT_NAME = "$(TARGET_NAME)";
				SWIFT_OBJC_BRIDGING_HEADER = "$(SRCROOT)/PrumtMe/PrumtMeBridginig_Header.h";
				SWIFT_VERSION = 3.0;
			};
			name = Release;
		};
/* End XCBuildConfiguration section */

/* Begin XCConfigurationList section */
		9ABA91F91E5596D5001A515A /* Build configuration list for PBXProject "PrumtMe" */ = {
			isa = XCConfigurationList;
			buildConfigurations = (
				9ABA920E1E5596D5001A515A /* Debug */,
				9ABA920F1E5596D5001A515A /* Release */,
			);
			defaultConfigurationIsVisible = 0;
			defaultConfigurationName = Release;
		};
		9ABA92101E5596D5001A515A /* Build configuration list for PBXNativeTarget "PrumtMe" */ = {
			isa = XCConfigurationList;
			buildConfigurations = (
				9ABA92111E5596D5001A515A /* Debug */,
				9ABA92121E5596D5001A515A /* Release */,
			);
			defaultConfigurationIsVisible = 0;
			defaultConfigurationName = Release;
		};
/* End XCConfigurationList section */
	};
	rootObject = 9ABA91F61E5596D5001A515A /* Project object */;
}
